{
  "name": "prolog",
  "version": "1.0.0",
  "lockfileVersion": 1,
  "requires": true,
  "dependencies": {
    "nan": {
      "version": "2.8.0",
      "resolved": "https://registry.npmjs.org/nan/-/nan-2.8.0.tgz",
      "integrity": "sha1-7XFfP+neArV6XmJS2QqWZ14fCFo="
    },
    "swipl": {
      "version": "1.0.3",
      "resolved": "https://registry.npmjs.org/swipl/-/swipl-1.0.3.tgz",
      "integrity": "sha1-sIeJyf6hXAWjyf/68+wnyiprrQI=",
      "requires": {
        "nan": "2.8.0"
      }
    }
  }
}
